{
  "name": "gooddollar",
  "lockfileVersion": 3,
  "requires": true,
  "packages": {
    "": {
      "dependencies": {
        "@celo/contracts": "^11.0.0"
      }
    },
    "node_modules/@celo/contracts": {
      "version": "11.0.0",
      "resolved": "https://registry.npmjs.org/@celo/contracts/-/contracts-11.0.0.tgz",
      "integrity": "sha512-SNdWU+KU+2CMpGf/GdP79tXXBDQvNwrp7G6CqZjvdu5bG6eUq4tKwO7osMNxzrxWiDaV0tEhEY04VJayrhH2Pw=="
    }
  }
}
